
Microsoft Visual Studio Solution File, Format Version 12.00
# Visual Studio Version 16
VisualStudioVersion = 16.0.31624.102
MinimumVisualStudioVersion = 10.0.40219.1
Project("{FAE04EC0-301F-11D3-BF4B-00C04F79EFBC}") = "ORM", "ORM\ORM.csproj", "{526349E5-7276-4036-A635-A88D66CAE02B}"
EndProject
Global
	GlobalSection(SolutionConfigurationPlatforms) = preSolution
		Debug|Any CPU = Debug|Any CPU
		Release|Any CPU = Release|Any CPU
	EndGlobalSection
	GlobalSection(ProjectConfigurationPlatforms) = postSolution
		{526349E5-7276-4036-A635-A88D66CAE02B}.Debug|Any CPU.ActiveCfg = Debug|Any CPU
		{526349E5-7276-4036-A635-A88D66CAE02B}.Debug|Any CPU.Build.0 = Debug|Any CPU
		{526349E5-7276-4036-A635-A88D66CAE02B}.Release|Any CPU.ActiveCfg = Release|Any CPU
		{526349E5-7276-4036-A635-A88D66CAE02B}.Release|Any CPU.Build.0 = Release|Any CPU
	EndGlobalSection
	GlobalSection(SolutionProperties) = preSolution
		HideSolutionNode = FALSE
	EndGlobalSection
	GlobalSection(ExtensibilityGlobals) = postSolution
		SolutionGuid = {3372B6E6-BED3-48CC-BF41-26419A0F5CAD}
	EndGlobalSection
EndGlobal
